version = 1
revision = 3
requires-python = ">=3.11"

[[package]]
name = "annotated-types"
version = "0.7.0"
source = { registry = "https://pypi.org/simple" }
sdist = { url = "https://files.pythonhosted.org/packages/ee/67/531ea369ba64dcff5ec9c3402f9f51bf748cec26dde048a2f973a4eea7f5/annotated_types-0.7.0.tar.gz", hash = "sha256:aff07c09a53a08bc8cfccb9c85b05f1aa9a2a6f23728d790723543408344ce89", size = 16081, upload-time = "2024-05-20T21:33:25.928Z" }
wheels = [
    { url = "https://files.pythonhosted.org/packages/78/b6/6307fbef88d9b5ee7421e68d78a9f162e0da4900bc5f5793f6d3d0e34fb8/annotated_types-0.7.0-py3-none-any.whl", hash = "sha256:1f02e8b43a8fbbc3f3e0d4f0f4bfc8131bcb4eebe8849b8e5c773f3a1c582a53", size = 13643, upload-time = "2024-05-20T21:33:24.1Z" },
]

[[package]]
name = "anyio"
version = "3.7.1"
source = { registry = "https://pypi.org/simple" }
dependencies = [
    { name = "idna" },
    { name = "sniffio" },
]
sdist = { url = "https://files.pythonhosted.org/packages/28/99/2dfd53fd55ce9838e6ff2d4dac20ce58263798bd1a0dbe18b3a9af3fcfce/anyio-3.7.1.tar.gz", hash = "sha256:44a3c9aba0f5defa43261a8b3efb97891f2bd7d804e0e1f56419befa1adfc780", size = 142927, upload-time = "2023-07-05T16:45:02.294Z" }
wheels = [
    { url = "https://files.pythonhosted.org/packages/19/24/44299477fe7dcc9cb58d0a57d5a7588d6af2ff403fdd2d47a246c91a3246/anyio-3.7.1-py3-none-any.whl", hash = "sha256:91dee416e570e92c64041bd18b900d1d6fa78dff7048769ce5ac5ddad004fbb5", size = 80896, upload-time = "2023-07-05T16:44:59.805Z" },
]

[[package]]
name = "article-database-backend"
version = "1.0.0"
source = { editable = "." }
dependencies = [
    { name = "fastapi" },
    { name = "httpx" },
    { name = "openai" },
    { name = "pydantic" },
    { name = "pydantic-settings" },
    { name = "pyjwt" },
    { name = "python-dotenv" },
    { name = "python-multipart" },
    { name = "sqlalchemy" },
    { name = "uvicorn" },
]

[package.metadata]
requires-dist = [
    { name = "fastapi", specifier = "==0.104.1" },
    { name = "httpx", specifier = "==0.25.2" },
    { name = "openai", specifier = "==1.3.7" },
    { name = "pydantic", specifier = "==2.5.0" },
    { name = "pydantic-settings", specifier = "==2.1.0" },
    { name = "pyjwt", specifier = "==2.8.0" },
    { name = "python-dotenv", specifier = "==1.0.0" },
    { name = "python-multipart", specifier = "==0.0.6" },
    { name = "sqlalchemy", specifier = "==2.0.23" },
    { name = "uvicorn", specifier = "==0.24.0" },
]

[[package]]
name = "certifi"
version = "2026.1.4"
source = { registry = "https://pypi.org/simple" }
sdist = { url = "https://files.pythonhosted.org/packages/e0/2d/a891ca51311197f6ad14a7ef42e2399f36cf2f9bd44752b3dc4eab60fdc5/certifi-2026.1.4.tar.gz", hash = "sha256:ac726dd470482006e014ad384921ed6438c457018f4b3d204aea4281258b2120", size = 154268, upload-time = "2026-01-04T02:42:41.825Z" }
wheels = [
    { url = "https://files.pythonhosted.org/packages/e6/ad/3cc14f097111b4de0040c83a525973216457bbeeb63739ef1ed275c1c021/certifi-2026.1.4-py3-none-any.whl", hash = "sha256:9943707519e4add1115f44c2bc244f782c0249876bf51b6599fee1ffbedd685c", size = 152900, upload-time = "2026-01-04T02:42:40.15Z" },
]

[[package]]
name = "click"
version = "8.3.1"
source = { registry = "https://pypi.org/simple" }
dependencies = [
    { name = "colorama", marker = "sys_platform == 'win32'" },
]
sdist = { url = "https://files.pythonhosted.org/packages/3d/fa/656b739db8587d7b5dfa22e22ed02566950fbfbcdc20311993483657a5c0/click-8.3.1.tar.gz", hash = "sha256:12ff4785d337a1bb490bb7e9c2b1ee5da3112e94a8622f26a6c77f5d2fc6842a", size = 295065, upload-time = "2025-11-15T20:45:42.706Z" }
wheels = [
    { url = "https://files.pythonhosted.org/packages/98/78/01c019cdb5d6498122777c1a43056ebb3ebfeef2076d9d026bfe15583b2b/click-8.3.1-py3-none-any.whl", hash = "sha256:981153a64e25f12d547d3426c367a4857371575ee7ad18df2a6183ab0545b2a6", size = 108274, upload-time = "2025-11-15T20:45:41.139Z" },
]

[[package]]
name = "colorama"
version = "0.4.6"
source = { registry = "https://pypi.org/simple" }
sdist = { url = "https://files.pythonhosted.org/packages/d8/53/6f443c9a4a8358a93a6792e2acffb9d9d5cb0a5cfd8802644b7b1c9a02e4/colorama-0.4.6.tar.gz", hash = "sha256:08695f5cb7ed6e0531a20572697297273c47b8cae5a63ffc6d6ed5c201be6e44", size = 27697, upload-time = "2022-10-25T02:36:22.414Z" }
wheels = [
    { url = "https://files.pythonhosted.org/packages/d1/d6/3965ed04c63042e047cb6a3e6ed1a63a35087b6a609aa3a15ed8ac56c221/colorama-0.4.6-py2.py3-none-any.whl", hash = "sha256:4f1d9991f5acc0ca119f9d443620b77f9d6b33703e51011c16baf57afb285fc6", size = 25335, upload-time = "2022-10-25T02:36:20.889Z" },
]

[[package]]
name = "distro"
version = "1.9.0"
source = { registry = "https://pypi.org/simple" }
sdist = { url = "https://files.pythonhosted.org/packages/fc/f8/98eea607f65de6527f8a2e8885fc8015d3e6f5775df186e443e0964a11c3/distro-1.9.0.tar.gz", hash = "sha256:2fa77c6fd8940f116ee1d6b94a2f90b13b5ea8d019b98bc8bafdcabcdd9bdbed", size = 60722, upload-time = "2023-12-24T09:54:32.31Z" }
wheels = [
    { url = "https://files.pythonhosted.org/packages/12/b3/231ffd4ab1fc9d679809f356cebee130ac7daa00d6d6f3206dd4fd137e9e/distro-1.9.0-py3-none-any.whl", hash = "sha256:7bffd925d65168f85027d8da9af6bddab658135b840670a223589bc0c8ef02b2", size = 20277, upload-time = "2023-12-24T09:54:30.421Z" },
]

[[package]]
name = "fastapi"
version = "0.104.1"
source = { registry = "https://pypi.org/simple" }
dependencies = [
    { name = "anyio" },
    { name = "pydantic" },
    { name = "starlette" },
    { name = "typing-extensions" },
]
sdist = { url = "https://files.pythonhosted.org/packages/d9/d8/002e0ba7cf848a981b3ee92aaf5aa396c5700b0d7dec5d060031432a87d8/fastapi-0.104.1.tar.gz", hash = "sha256:e5e4540a7c5e1dcfbbcf5b903c234feddcdcd881f191977a1c5dfd917487e7ae", size = 11295150, upload-time = "2023-10-30T10:07:39.105Z" }
wheels = [
    { url = "https://files.pythonhosted.org/packages/f3/4f/0ce34195b63240b6693086496c9bab4ef23999112184399a3e88854c7674/fastapi-0.104.1-py3-none-any.whl", hash = "sha256:752dc31160cdbd0436bb93bad51560b57e525cbb1d4bbf6f4904ceee75548241", size = 92862, upload-time = "2023-10-30T10:07:35.636Z" },
]

[[package]]
name = "greenlet"
version = "3.3.1"
source = { registry = "https://pypi.org/simple" }
sdist = { url = "https://files.pythonhosted.org/packages/8a/99/1cd3411c56a410994669062bd73dd58270c00cc074cac15f385a1fd91f8a/greenlet-3.3.1.tar.gz", hash = "sha256:41848f3230b58c08bb43dee542e74a2a2e34d3c59dc3076cec9151aeeedcae98", size = 184690, upload-time = "2026-01-23T15:31:02.076Z" }
wheels = [
    { url = "https://files.pythonhosted.org/packages/ec/e8/2e1462c8fdbe0f210feb5ac7ad2d9029af8be3bf45bd9fa39765f821642f/greenlet-3.3.1-cp311-cp311-macosx_11_0_universal2.whl", hash = "sha256:5fd23b9bc6d37b563211c6abbb1b3cab27db385a4449af5c32e932f93017080c", size = 274974, upload-time = "2026-01-23T15:31:02.891Z" },
    { url = "https://files.pythonhosted.org/packages/7e/a8/530a401419a6b302af59f67aaf0b9ba1015855ea7e56c036b5928793c5bd/greenlet-3.3.1-cp311-cp311-manylinux_2_24_aarch64.manylinux_2_28_aarch64.whl", hash = "sha256:09f51496a0bfbaa9d74d36a52d2580d1ef5ed4fdfcff0a73730abfbbbe1403dd", size = 577175, upload-time = "2026-01-23T16:00:56.213Z" },
    { url = "https://files.pythonhosted.org/packages/8e/89/7e812bb9c05e1aaef9b597ac1d0962b9021d2c6269354966451e885c4e6b/greenlet-3.3.1-cp311-cp311-manylinux_2_24_ppc64le.manylinux_2_28_ppc64le.whl", hash = "sha256:cb0feb07fe6e6a74615ee62a880007d976cf739b6669cce95daa7373d4fc69c5", size = 590401, upload-time = "2026-01-23T16:05:26.365Z" },
    { url = "https://files.pythonhosted.org/packages/5c/ae/8d472e1f5ac5efe55c563f3eabb38c98a44b832602e12910750a7c025802/greenlet-3.3.1-cp311-cp311-manylinux_2_24_x86_64.manylinux_2_28_x86_64.whl", hash = "sha256:39eda9ba259cc9801da05351eaa8576e9aa83eb9411e8f0c299e05d712a210f2", size = 590272, upload-time = "2026-01-23T15:32:49.411Z" },
    { url = "https://files.pythonhosted.org/packages/a8/51/0fde34bebfcadc833550717eade64e35ec8738e6b097d5d248274a01258b/greenlet-3.3.1-cp311-cp311-musllinux_1_2_aarch64.whl", hash = "sha256:e2e7e882f83149f0a71ac822ebf156d902e7a5d22c9045e3e0d1daf59cee2cc9", size = 1550729, upload-time = "2026-01-23T16:04:20.867Z" },
    { url = "https://files.pythonhosted.org/packages/16/c9/2fb47bee83b25b119d5a35d580807bb8b92480a54b68fef009a02945629f/greenlet-3.3.1-cp311-cp311-musllinux_1_2_x86_64.whl", hash = "sha256:80aa4d79eb5564f2e0a6144fcc744b5a37c56c4a92d60920720e99210d88db0f", size = 1615552, upload-time = "2026-01-23T15:33:45.743Z" },
    { url = "https://files.pythonhosted.org/packages/1f/54/dcf9f737b96606f82f8dd05becfb8d238db0633dd7397d542a296fe9cad3/greenlet-3.3.1-cp311-cp311-win_amd64.whl", hash = "sha256:32e4ca9777c5addcbf42ff3915d99030d8e00173a56f80001fb3875998fe410b", size = 226462, upload-time = "2026-01-23T15:36:50.422Z" },
    { url = "https://files.pythonhosted.org/packages/91/37/61e1015cf944ddd2337447d8e97fb423ac9bc21f9963fb5f206b53d65649/greenlet-3.3.1-cp311-cp311-win_arm64.whl", hash = "sha256:da19609432f353fed186cc1b85e9440db93d489f198b4bdf42ae19cc9d9ac9b4", size = 225715, upload-time = "2026-01-23T15:33:17.298Z" },
    { url = "https://files.pythonhosted.org/packages/f9/c8/9d76a66421d1ae24340dfae7e79c313957f6e3195c144d2c73333b5bfe34/greenlet-3.3.1-cp312-cp312-macosx_11_0_universal2.whl", hash = "sha256:7e806ca53acf6d15a888405880766ec84721aa4181261cd11a457dfe9a7a4975", size = 276443, upload-time = "2026-01-23T15:30:10.066Z" },
    { url = "https://files.pythonhosted.org/packages/81/99/401ff34bb3c032d1f10477d199724f5e5f6fbfb59816ad1455c79c1eb8e7/greenlet-3.3.1-cp312-cp312-manylinux_2_24_aarch64.manylinux_2_28_aarch64.whl", hash = "sha256:d842c94b9155f1c9b3058036c24ffb8ff78b428414a19792b2380be9cecf4f36", size = 597359, upload-time = "2026-01-23T16:00:57.394Z" },
    { url = "https://files.pythonhosted.org/packages/2b/bc/4dcc0871ed557792d304f50be0f7487a14e017952ec689effe2180a6ff35/greenlet-3.3.1-cp312-cp312-manylinux_2_24_ppc64le.manylinux_2_28_ppc64le.whl", hash = "sha256:20fedaadd422fa02695f82093f9a98bad3dab5fcda793c658b945fcde2ab27ba", size = 607805, upload-time = "2026-01-23T16:05:28.068Z" },
    { url = "https://files.pythonhosted.org/packages/cf/05/821587cf19e2ce1f2b24945d890b164401e5085f9d09cbd969b0c193cd20/greenlet-3.3.1-cp312-cp312-manylinux_2_24_x86_64.manylinux_2_28_x86_64.whl", hash = "sha256:14194f5f4305800ff329cbf02c5fcc88f01886cadd29941b807668a45f0d2336", size = 609947, upload-time = "2026-01-23T15:32:51.004Z" },
    { url = "https://files.pythonhosted.org/packages/a4/52/ee8c46ed9f8babaa93a19e577f26e3d28a519feac6350ed6f25f1afee7e9/greenlet-3.3.1-cp312-cp312-musllinux_1_2_aarch64.whl", hash = "sha256:7b2fe4150a0cf59f847a67db8c155ac36aed89080a6a639e9f16df5d6c6096f1", size = 1567487, upload-time = "2026-01-23T16:04:22.125Z" },
    { url = "https://files.pythonhosted.org/packages/8f/7c/456a74f07029597626f3a6db71b273a3632aecb9afafeeca452cfa633197/greenlet-3.3.1-cp312-cp312-musllinux_1_2_x86_64.whl", hash = "sha256:49f4ad195d45f4a66a0eb9c1ba4832bb380570d361912fa3554746830d332149", size = 1636087, upload-time = "2026-01-23T15:33:47.486Z" },
    { url = "https://files.pythonhosted.org/packages/34/2f/5e0e41f33c69655300a5e54aeb637cf8ff57f1786a3aba374eacc0228c1d/greenlet-3.3.1-cp312-cp312-win_amd64.whl", hash = "sha256:cc98b9c4e4870fa983436afa999d4eb16b12872fab7071423d5262fa7120d57a", size = 227156, upload-time = "2026-01-23T15:34:34.808Z" },
    { url = "https://files.pythonhosted.org/packages/c8/ab/717c58343cf02c5265b531384b248787e04d8160b8afe53d9eec053d7b44/greenlet-3.3.1-cp312-cp312-win_arm64.whl", hash = "sha256:bfb2d1763d777de5ee495c85309460f6fd8146e50ec9d0ae0183dbf6f0a829d1", size = 226403, upload-time = "2026-01-23T15:31:39.372Z" },
    { url = "https://files.pythonhosted.org/packages/ec/ab/d26750f2b7242c2b90ea2ad71de70cfcd73a948a49513188a0fc0d6fc15a/greenlet-3.3.1-cp313-cp313-macosx_11_0_universal2.whl", hash = "sha256:7ab327905cabb0622adca5971e488064e35115430cec2c35a50fd36e72a315b3", size = 275205, upload-time = "2026-01-23T15:30:24.556Z" },
    { url = "https://files.pythonhosted.org/packages/10/d3/be7d19e8fad7c5a78eeefb2d896a08cd4643e1e90c605c4be3b46264998f/greenlet-3.3.1-cp313-cp313-manylinux_2_24_aarch64.manylinux_2_28_aarch64.whl", hash = "sha256:65be2f026ca6a176f88fb935ee23c18333ccea97048076aef4db1ef5bc0713ac", size = 599284, upload-time = "2026-01-23T16:00:58.584Z" },
    { url = "https://files.pythonhosted.org/packages/ae/21/fe703aaa056fdb0f17e5afd4b5c80195bbdab701208918938bd15b00d39b/greenlet-3.3.1-cp313-cp313-manylinux_2_24_ppc64le.manylinux_2_28_ppc64le.whl", hash = "sha256:7a3ae05b3d225b4155bda56b072ceb09d05e974bc74be6c3fc15463cf69f33fd", size = 610274, upload-time = "2026-01-23T16:05:29.312Z" },
    { url = "https://files.pythonhosted.org/packages/cb/86/5c6ab23bb3c28c21ed6bebad006515cfe08b04613eb105ca0041fecca852/greenlet-3.3.1-cp313-cp313-manylinux_2_24_x86_64.manylinux_2_28_x86_64.whl", hash = "sha256:6423481193bbbe871313de5fd06a082f2649e7ce6e08015d2a76c1e9186ca5b3", size = 612904, upload-time = "2026-01-23T15:32:52.317Z" },
    { url = "https://files.pythonhosted.org/packages/c2/f3/7949994264e22639e40718c2daf6f6df5169bf48fb038c008a489ec53a50/greenlet-3.3.1-cp313-cp313-musllinux_1_2_aarch64.whl", hash = "sha256:33a956fe78bbbda82bfc95e128d61129b32d66bcf0a20a1f0c08aa4839ffa951", size = 1567316, upload-time = "2026-01-23T16:04:23.316Z" },
    { url = "https://files.pythonhosted.org/packages/8d/6e/d73c94d13b6465e9f7cd6231c68abde838bb22408596c05d9059830b7872/greenlet-3.3.1-cp313-cp313-musllinux_1_2_x86_64.whl", hash = "sha256:4b065d3284be43728dd280f6f9a13990b56470b81be20375a207cdc814a983f2", size = 1636549, upload-time = "2026-01-23T15:33:48.643Z" },
    { url = "https://files.pythonhosted.org/packages/5e/b3/c9c23a6478b3bcc91f979ce4ca50879e4d0b2bd7b9a53d8ecded719b92e2/greenlet-3.3.1-cp313-cp313-win_amd64.whl", hash = "sha256:27289986f4e5b0edec7b5a91063c109f0276abb09a7e9bdab08437525977c946", size = 227042, upload-time = "2026-01-23T15:33:58.216Z" },
    { url = "https://files.pythonhosted.org/packages/90/e7/824beda656097edee36ab15809fd063447b200cc03a7f6a24c34d520bc88/greenlet-3.3.1-cp313-cp313-win_arm64.whl", hash = "sha256:2f080e028001c5273e0b42690eaf359aeef9cb1389da0f171ea51a5dc3c7608d", size = 226294, upload-time = "2026-01-23T15:30:52.73Z" },
    { url = "https://files.pythonhosted.org/packages/ae/fb/011c7c717213182caf78084a9bea51c8590b0afda98001f69d9f853a495b/greenlet-3.3.1-cp314-cp314-macosx_11_0_universal2.whl", hash = "sha256:bd59acd8529b372775cd0fcbc5f420ae20681c5b045ce25bd453ed8455ab99b5", size = 275737, upload-time = "2026-01-23T15:32:16.889Z" },
    { url = "https://files.pythonhosted.org/packages/41/2e/a3a417d620363fdbb08a48b1dd582956a46a61bf8fd27ee8164f9dfe87c2/greenlet-3.3.1-cp314-cp314-manylinux_2_24_aarch64.manylinux_2_28_aarch64.whl", hash = "sha256:b31c05dd84ef6871dd47120386aed35323c944d86c3d91a17c4b8d23df62f15b", size = 646422, upload-time = "2026-01-23T16:01:00.354Z" },
    { url = "https://files.pythonhosted.org/packages/b4/09/c6c4a0db47defafd2d6bab8ddfe47ad19963b4e30f5bed84d75328059f8c/greenlet-3.3.1-cp314-cp314-manylinux_2_24_ppc64le.manylinux_2_28_ppc64le.whl", hash = "sha256:02925a0bfffc41e542c70aa14c7eda3593e4d7e274bfcccca1827e6c0875902e", size = 658219, upload-time = "2026-01-23T16:05:30.956Z" },
    { url = "https://files.pythonhosted.org/packages/80/38/9d42d60dffb04b45f03dbab9430898352dba277758640751dc5cc316c521/greenlet-3.3.1-cp314-cp314-manylinux_2_24_x86_64.manylinux_2_28_x86_64.whl", hash = "sha256:34a729e2e4e4ffe9ae2408d5ecaf12f944853f40ad724929b7585bca808a9d6f", size = 660237, upload-time = "2026-01-23T15:32:53.967Z" },
    { url = "https://files.pythonhosted.org/packages/96/61/373c30b7197f9e756e4c81ae90a8d55dc3598c17673f91f4d31c3c689c3f/greenlet-3.3.1-cp314-cp314-musllinux_1_2_aarch64.whl", hash = "sha256:aec9ab04e82918e623415947921dea15851b152b822661cce3f8e4393c3df683", size = 1615261, upload-time = "2026-01-23T16:04:25.066Z" },
    { url = "https://files.pythonhosted.org/packages/fd/d3/ca534310343f5945316f9451e953dcd89b36fe7a19de652a1dc5a0eeef3f/greenlet-3.3.1-cp314-cp314-musllinux_1_2_x86_64.whl", hash = "sha256:71c767cf281a80d02b6c1bdc41c9468e1f5a494fb11bc8688c360524e273d7b1", size = 1683719, upload-time = "2026-01-23T15:33:50.61Z" },
    { url = "https://files.pythonhosted.org/packages/52/cb/c21a3fd5d2c9c8b622e7bede6d6d00e00551a5ee474ea6d831b5f567a8b4/greenlet-3.3.1-cp314-cp314-win_amd64.whl", hash = "sha256:96aff77af063b607f2489473484e39a0bbae730f2ea90c9e5606c9b73c44174a", size = 228125, upload-time = "2026-01-23T15:32:45.265Z" },
    { url = "https://files.pythonhosted.org/packages/6a/8e/8a2db6d11491837af1de64b8aff23707c6e85241be13c60ed399a72e2ef8/greenlet-3.3.1-cp314-cp314-win_arm64.whl", hash = "sha256:b066e8b50e28b503f604fa538adc764a638b38cf8e81e025011d26e8a627fa79", size = 227519, upload-time = "2026-01-23T15:31:47.284Z" },
    { url = "https://files.pythonhosted.org/packages/28/24/cbbec49bacdcc9ec652a81d3efef7b59f326697e7edf6ed775a5e08e54c2/greenlet-3.3.1-cp314-cp314t-macosx_11_0_universal2.whl", hash = "sha256:3e63252943c921b90abb035ebe9de832c436401d9c45f262d80e2d06cc659242", size = 282706, upload-time = "2026-01-23T15:33:05.525Z" },
    { url = "https://files.pythonhosted.org/packages/86/2e/4f2b9323c144c4fe8842a4e0d92121465485c3c2c5b9e9b30a52e80f523f/greenlet-3.3.1-cp314-cp314t-manylinux_2_24_aarch64.manylinux_2_28_aarch64.whl", hash = "sha256:76e39058e68eb125de10c92524573924e827927df5d3891fbc97bd55764a8774", size = 651209, upload-time = "2026-01-23T16:01:01.517Z" },
    { url = "https://files.pythonhosted.org/packages/d9/87/50ca60e515f5bb55a2fbc5f0c9b5b156de7d2fc51a0a69abc9d23914a237/greenlet-3.3.1-cp314-cp314t-manylinux_2_24_ppc64le.manylinux_2_28_ppc64le.whl", hash = "sha256:c9f9d5e7a9310b7a2f416dd13d2e3fd8b42d803968ea580b7c0f322ccb389b97", size = 654300, upload-time = "2026-01-23T16:05:32.199Z" },
    { url = "https://files.pythonhosted.org/packages/1d/94/74310866dfa2b73dd08659a3d18762f83985ad3281901ba0ee9a815194fb/greenlet-3.3.1-cp314-cp314t-manylinux_2_24_x86_64.manylinux_2_28_x86_64.whl", hash = "sha256:92497c78adf3ac703b57f1e3813c2d874f27f71a178f9ea5887855da413cd6d2", size = 653842, upload-time = "2026-01-23T15:32:55.671Z" },
    { url = "https://files.pythonhosted.org/packages/97/43/8bf0ffa3d498eeee4c58c212a3905dd6146c01c8dc0b0a046481ca29b18c/greenlet-3.3.1-cp314-cp314t-musllinux_1_2_aarch64.whl", hash = "sha256:ed6b402bc74d6557a705e197d47f9063733091ed6357b3de33619d8a8d93ac53", size = 1614917, upload-time = "2026-01-23T16:04:26.276Z" },
    { url = "https://files.pythonhosted.org/packages/89/90/a3be7a5f378fc6e84abe4dcfb2ba32b07786861172e502388b4c90000d1b/greenlet-3.3.1-cp314-cp314t-musllinux_1_2_x86_64.whl", hash = "sha256:59913f1e5ada20fde795ba906916aea25d442abcc0593fba7e26c92b7ad76249", size = 1676092, upload-time = "2026-01-23T15:33:52.176Z" },
    { url = "https://files.pythonhosted.org/packages/e1/2b/98c7f93e6db9977aaee07eb1e51ca63bd5f779b900d362791d3252e60558/greenlet-3.3.1-cp314-cp314t-win_amd64.whl", hash = "sha256:301860987846c24cb8964bdec0e31a96ad4a2a801b41b4ef40963c1b44f33451", size = 233181, upload-time = "2026-01-23T15:33:00.29Z" },
]

[[package]]
name = "h11"
version = "0.16.0"
source = { registry = "https://pypi.org/simple" }
sdist = { url = "https://files.pythonhosted.org/packages/01/ee/02a2c011bdab74c6fb3c75474d40b3052059d95df7e73351460c8588d963/h11-0.16.0.tar.gz", hash = "sha256:4e35b956cf45792e4caa5885e69fba00bdbc6ffafbfa020300e549b208ee5ff1", size = 101250, upload-time = "2025-04-24T03:35:25.427Z" }
wheels = [
    { url = "https://files.pythonhosted.org/packages/04/4b/29cac41a4d98d144bf5f6d33995617b185d14b22401f75ca86f384e87ff1/h11-0.16.0-py3-none-any.whl", hash = "sha256:63cf8bbe7522de3bf65932fda1d9c2772064ffb3dae62d55932da54b31cb6c86", size = 37515, upload-time = "2025-04-24T03:35:24.344Z" },
]

[[package]]
name = "httpcore"
version = "1.0.9"
source = { registry = "https://pypi.org/simple" }
dependencies = [
    { name = "certifi" },
    { name = "h11" },
]
sdist = { url = "https://files.pythonhosted.org/packages/06/94/82699a10bca87a5556c9c59b5963f2d039dbd239f25bc2a63907a05a14cb/httpcore-1.0.9.tar.gz", hash = "sha256:6e34463af53fd2ab5d807f399a9b45ea31c3dfa2276f15a2c3f00afff6e176e8", size = 85484, upload-time = "2025-04-24T22:06:22.219Z" }
wheels = [
    { url = "https://files.pythonhosted.org/packages/7e/f5/f66802a942d491edb555dd61e3a9961140fd64c90bce1eafd741609d334d/httpcore-1.0.9-py3-none-any.whl", hash = "sha256:2d400746a40668fc9dec9810239072b40b4484b640a8c38fd654a024c7a1bf55", size = 78784, upload-time = "2025-04-24T22:06:20.566Z" },
]

[[package]]
name = "httpx"
version = "0.25.2"
source = { registry = "https://pypi.org/simple" }
dependencies = [
    { name = "anyio" },
    { name = "certifi" },
    { name = "httpcore" },
    { name = "idna" },
    { name = "sniffio" },
]
sdist = { url = "https://files.pythonhosted.org/packages/8c/23/911d93a022979d3ea295f659fbe7edb07b3f4561a477e83b3a6d0e0c914e/httpx-0.25.2.tar.gz", hash = "sha256:8b8fcaa0c8ea7b05edd69a094e63a2094c4efcb48129fb757361bc423c0ad9e8", size = 123889, upload-time = "2023-11-24T12:36:33.988Z" }
wheels = [
    { url = "https://files.pythonhosted.org/packages/a2/65/6940eeb21dcb2953778a6895281c179efd9100463ff08cb6232bb6480da7/httpx-0.25.2-py3-none-any.whl", hash = "sha256:a05d3d052d9b2dfce0e3896636467f8a5342fb2b902c819428e1ac65413ca118", size = 74980, upload-time = "2023-11-24T12:36:31.403Z" },
]

[[package]]
name = "idna"
version = "3.11"
source = { registry = "https://pypi.org/simple" }
sdist = { url = "https://files.pythonhosted.org/packages/6f/6d/0703ccc57f3a7233505399edb88de3cbd678da106337b9fcde432b65ed60/idna-3.11.tar.gz", hash = "sha256:795dafcc9c04ed0c1fb032c2aa73654d8e8c5023a7df64a53f39190ada629902", size = 194582, upload-time = "2025-10-12T14:55:20.501Z" }
wheels = [
    { url = "https://files.pythonhosted.org/packages/0e/61/66938bbb5fc52dbdf84594873d5b51fb1f7c7794e9c0f5bd885f30bc507b/idna-3.11-py3-none-any.whl", hash = "sha256:771a87f49d9defaf64091e6e6fe9c18d4833f140bd19464795bc32d966ca37ea", size = 71008, upload-time = "2025-10-12T14:55:18.883Z" },
]

[[package]]
name = "openai"
version = "1.3.7"
source = { registry = "https://pypi.org/simple" }
dependencies = [
    { name = "anyio" },
    { name = "distro" },
    { name = "httpx" },
    { name = "pydantic" },
    { name = "sniffio" },
    { name = "tqdm" },
    { name = "typing-extensions" },
]
sdist = { url = "https://files.pythonhosted.org/packages/67/53/dc3d46c89cdb81cc780be7453b7000e3272bea17b855e10562d4ebec24df/openai-1.3.7.tar.gz", hash = "sha256:18074a0f51f9b49d1ae268c7abc36f7f33212a0c0d08ce11b7053ab2d17798de", size = 122052, upload-time = "2023-12-01T18:48:57.441Z" }
wheels = [
    { url = "https://files.pythonhosted.org/packages/3e/d3/309769dad11d5f75b81c7252d9dc849ed440d0921215e759af169054f3b6/openai-1.3.7-py3-none-any.whl", hash = "sha256:e5c51367a910297e4d1cd33d2298fb87d7edf681edbe012873925ac16f95bee0", size = 221429, upload-time = "2023-12-01T18:48:54.999Z" },
]

[[package]]
name = "pydantic"
version = "2.5.0"
source = { registry = "https://pypi.org/simple" }
dependencies = [
    { name = "annotated-types" },
    { name = "pydantic-core" },
    { name = "typing-extensions" },
]
sdist = { url = "https://files.pythonhosted.org/packages/44/07/39d2b5c652a2cfdda6dd4d33a2eae345782f3d5c6e2f7a92c92d5da52b33/pydantic-2.5.0.tar.gz", hash = "sha256:69bd6fb62d2d04b7055f59a396993486a2ee586c43a0b89231ce0000de07627c", size = 677119, upload-time = "2023-11-13T17:17:49.17Z" }
wheels = [
    { url = "https://files.pythonhosted.org/packages/d7/10/ddfb9539a6e55f7dfd6c2b9b81d86fcba2761ba87eeb81f8b1012957dcdc/pydantic-2.5.0-py3-none-any.whl", hash = "sha256:7ce6e766c456ad026fe5712f7bcf036efc34bd5d107b3e669ef7ea01b3a9050c", size = 407491, upload-time = "2023-11-13T17:17:45.239Z" },
]

[[package]]
name = "pydantic-core"
version = "2.14.1"
source = { registry = "https://pypi.org/simple" }
dependencies = [
    { name = "typing-extensions" },
]
sdist = { url = "https://files.pythonhosted.org/packages/a8/f2/0be79498e0f645fff8cd58c0013f4d03e17a54047e703efb30a200a4a9b2/pydantic_core-2.14.1.tar.gz", hash = "sha256:0d82a6ee815388a362885186e431fac84c7a06623bc136f508e9f88261d8cadb", size = 359077, upload-time = "2023-11-09T13:24:55.704Z" }
wheels = [
    { url = "https://files.pythonhosted.org/packages/62/c4/a71176e4ef6fadc364b63cb80116cc8c3dc202269b0c3dbbd246c6e827d8/pydantic_core-2.14.1-cp311-cp311-macosx_10_7_x86_64.whl", hash = "sha256:2be018a84995b6be1bbd40d6064395dbf71592a981169cf154c0885637f5f54a", size = 1863722, upload-time = "2023-11-09T13:21:00.691Z" },
    { url = "https://files.pythonhosted.org/packages/a1/83/716b8dd7529d9c8487b103068bbe12313a2eda7ff609077d006e82a286b8/pydantic_core-2.14.1-cp311-cp311-macosx_11_0_arm64.whl", hash = "sha256:fc3227408808ba7df8e95eb1d8389f4ba2203bed8240b308de1d7ae66d828f24", size = 1739514, upload-time = "2023-11-09T13:21:02.704Z" },
    { url = "https://files.pythonhosted.org/packages/05/3d/dd526b5b28e454c605ad4f39db4fad29c8a7e639cf1556e7383aa884bf53/pydantic_core-2.14.1-cp311-cp311-manylinux_2_17_aarch64.manylinux2014_aarch64.whl", hash = "sha256:42d5d0e9bbb50481a049bd0203224b339d4db04006b78564df2b782e2fd16ebc", size = 1830155, upload-time = "2023-11-09T13:21:04.857Z" },
    { url = "https://files.pythonhosted.org/packages/95/d8/b165ff9787dd2f4d8c25e92e90f6e7cc974c97e0d315ba074424c18315c1/pydantic_core-2.14.1-cp311-cp311-manylinux_2_17_armv7l.manylinux2014_armv7l.whl", hash = "sha256:bc6a4ea9f88a810cb65ccae14404da846e2a02dd5c0ad21dee712ff69d142638", size = 1851645, upload-time = "2023-11-09T13:21:07.373Z" },
    { url = "https://files.pythonhosted.org/packages/25/62/961244e1590b76ea0125c7465adc4bc22b52dbe52d11e91ece46767a9c9f/pydantic_core-2.14.1-cp311-cp311-manylinux_2_17_ppc64le.manylinux2014_ppc64le.whl", hash = "sha256:d312ad20e3c6d179cb97c42232b53111bcd8dcdd5c1136083db9d6bdd489bc73", size = 2006052, upload-time = "2023-11-09T13:21:09.527Z" },
    { url = "https://files.pythonhosted.org/packages/60/e9/2584062aaf1d94d47a958305e02b10d8a8dc65700d1afb8dc91971661a14/pydantic_core-2.14.1-cp311-cp311-manylinux_2_17_s390x.manylinux2014_s390x.whl", hash = "sha256:679cc4e184f213c8227862e57340d12fd4d4d19dc0e3ddb0f653f86f01e90f94", size = 2938897, upload-time = "2023-11-09T13:21:11.634Z" },
    { url = "https://files.pythonhosted.org/packages/9e/bb/574fe50b6834be052db6988cbeae88420b536177d65a77da270d4fdea2bf/pydantic_core-2.14.1-cp311-cp311-manylinux_2_17_x86_64.manylinux2014_x86_64.whl", hash = "sha256:101df420e954966868b8bc992aefed5fa71dd1f2755104da62ee247abab28e2f", size = 2050704, upload-time = "2023-11-09T13:21:14.053Z" },
    { url = "https://files.pythonhosted.org/packages/fa/de/33757f90dd615a14223b8c26b451b4f6ecd1ff4325be54b942a448a6189c/pydantic_core-2.14.1-cp311-cp311-manylinux_2_5_i686.manylinux1_i686.whl", hash = "sha256:c964c0cc443d6c08a2347c0e5c1fc2d85a272dc66c1a6f3cde4fc4843882ada4", size = 1920289, upload-time = "2023-11-09T13:21:16.273Z" },
    { url = "https://files.pythonhosted.org/packages/bf/d6/31e6af2c5d4e30282e73bcfc6215cce632d42ac54de7169910f758e9f833/pydantic_core-2.14.1-cp311-cp311-musllinux_1_1_aarch64.whl", hash = "sha256:8276bbab68a9dbe721da92d19cbc061f76655248fe24fb63969d0c3e0e5755e7", size = 2001567, upload-time = "2023-11-09T13:21:18.496Z" },
    { url = "https://files.pythonhosted.org/packages/83/7a/b3fcfc08b5e0b5d77ba4a6489f23c1c17b03b0ed53c5767c43da30d39111/pydantic_core-2.14.1-cp311-cp311-musllinux_1_1_x86_64.whl", hash = "sha256:12163197fec7c95751a3c71b36dcc1909eed9959f011ffc79cc8170a6a74c826", size = 2134098, upload-time = "2023-11-09T13:21:20.89Z" },
    { url = "https://files.pythonhosted.org/packages/7f/17/8cc269838879844681db0d9e92fcea992158c6f4a880ae1c5f6ea601a3f0/pydantic_core-2.14.1-cp311-none-win32.whl", hash = "sha256:b8ff0302518dcd001bd722bbe342919c29e5066c7eda86828fe08cdc112668b8", size = 1727681, upload-time = "2023-11-09T13:21:22.929Z" },
    { url = "https://files.pythonhosted.org/packages/15/8e/68d3a522ac31e782e3ae95ddc7b4ec4bea0f5c552a98f85abdee6696a607/pydantic_core-2.14.1-cp311-none-win_amd64.whl", hash = "sha256:59fa83873223f856d898452c6162a390af4297756f6ba38493a67533387d85d9", size = 1890264, upload-time = "2023-11-09T13:21:24.903Z" },
    { url = "https://files.pythonhosted.org/packages/e5/3c/39d379089d9cd85b506c4a18f5c68be7efccc9dfaea8edea864f66dd3fe7/pydantic_core-2.14.1-cp311-none-win_arm64.whl", hash = "sha256:798590d38c9381f07c48d13af1f1ef337cebf76ee452fcec5deb04aceced51c7", size = 1850567, upload-time = "2023-11-09T13:21:27.318Z" },
    { url = "https://files.pythonhosted.org/packages/38/e5/f432d1bf9c10a0fe7bf8819ada23c68ccbf1c40ad358dac3abc126d87476/pydantic_core-2.14.1-cp312-cp312-macosx_10_7_x86_64.whl", hash = "sha256:587d75aec9ae50d0d63788cec38bf13c5128b3fc1411aa4b9398ebac884ab179", size = 1856037, upload-time = "2023-11-09T13:21:29.719Z" },
    { url = "https://files.pythonhosted.org/packages/e6/bf/13b52f568786732e807ebabe51739a4d9a2bcce5cb8f182a69b8ef987bc5/pydantic_core-2.14.1-cp312-cp312-macosx_11_0_arm64.whl", hash = "sha256:26242e3593d4929123615bd9365dd86ef79b7b0592d64a96cd11fd83c69c9f34", size = 1710416, upload-time = "2023-11-09T13:21:31.625Z" },
    { url = "https://files.pythonhosted.org/packages/6e/0d/a55c0c257aa605a4cd4376e80665a08f02fb41612d416e654da279b18bc6/pydantic_core-2.14.1-cp312-cp312-manylinux_2_17_aarch64.manylinux2014_aarch64.whl", hash = "sha256:5879ac4791508d8f0eb7dec71ff8521855180688dac0c55f8c99fc4d1a939845", size = 1824883, upload-time = "2023-11-09T13:21:33.405Z" },
    { url = "https://files.pythonhosted.org/packages/4c/59/8903e4324298f6c5a28d8934e6193ea0d4ed687dfc5aa1453ff0f95faf0b/pydantic_core-2.14.1-cp312-cp312-manylinux_2_17_armv7l.manylinux2014_armv7l.whl", hash = "sha256:ad9ea86f5fc50f1b62c31184767fe0cacaa13b54fe57d38898c3776d30602411", size = 1835090, upload-time = "2023-11-09T13:21:35.745Z" },
    { url = "https://files.pythonhosted.org/packages/60/1a/6b90e497c8e8aa1014ccea46d93e420cd4be183058952158f2351ce33e48/pydantic_core-2.14.1-cp312-cp312-manylinux_2_17_ppc64le.manylinux2014_ppc64le.whl", hash = "sha256:102ac85a775e77821943ae38da9634ddd774b37a8d407181b4f7b05cdfb36b55", size = 1997646, upload-time = "2023-11-09T13:21:38.382Z" },
    { url = "https://files.pythonhosted.org/packages/06/8d/023ebb75c8daad8a0d1109948b82237284adb0be86b6fc8c5d54e9683d7a/pydantic_core-2.14.1-cp312-cp312-manylinux_2_17_s390x.manylinux2014_s390x.whl", hash = "sha256:2459cc06572730e079ec1e694e8f68c99d977b40d98748ae72ff11ef21a56b0b", size = 2991445, upload-time = "2023-11-09T13:21:40.459Z" },
    { url = "https://files.pythonhosted.org/packages/4d/85/6300b9bcec95d04903764afb485f2c2343e007a15fa6b7620bba0eb5715d/pydantic_core-2.14.1-cp312-cp312-manylinux_2_17_x86_64.manylinux2014_x86_64.whl", hash = "sha256:217dcbfaf429a9b8f1d54eb380908b9c778e78f31378283b30ba463c21e89d5d", size = 2064902, upload-time = "2023-11-09T13:21:43.097Z" },
    { url = "https://files.pythonhosted.org/packages/fb/e7/b7e0c92bf712429ee627cbcbd15ef68b4330f0b8bcb285eed53553ecd2f4/pydantic_core-2.14.1-cp312-cp312-manylinux_2_5_i686.manylinux1_i686.whl", hash = "sha256:9d59e0d7cdfe8ed1d4fcd28aad09625c715dc18976c7067e37d8a11b06f4be3e", size = 1922668, upload-time = "2023-11-09T13:21:45.131Z" },
    { url = "https://files.pythonhosted.org/packages/1f/c4/5638b9ad1053aeb66384e3a248ef1f37e5fcc0d5695ec9a15e4df81be54d/pydantic_core-2.14.1-cp312-cp312-musllinux_1_1_aarch64.whl", hash = "sha256:e2be646a5155d408e68b560c0553e8a83dc7b9f90ec6e5a2fc3ff216719385db", size = 1999542, upload-time = "2023-11-09T13:21:47.664Z" },
    { url = "https://files.pythonhosted.org/packages/74/20/2389be6093f6ec2e9351fe0f9270b239f039c0da9e4b38cbe06e7f650b1c/pydantic_core-2.14.1-cp312-cp312-musllinux_1_1_x86_64.whl", hash = "sha256:ffba979801e3931a19cd30ed2049450820effe8f152aaa317e2fd93795d318d7", size = 2127246, upload-time = "2023-11-09T13:21:50.209Z" },
    { url = "https://files.pythonhosted.org/packages/f2/47/a0cd42721edf31556006278d34c02f1c45ddf5aa0bbd629824a4412b776f/pydantic_core-2.14.1-cp312-none-win32.whl", hash = "sha256:132b40e479cb5cebbbb681f77aaceabbc8355df16c9124cff1d4060ada83cde2", size = 1738151, upload-time = "2023-11-09T13:21:52.596Z" },
    { url = "https://files.pythonhosted.org/packages/f6/4a/ae0d4c98d97bd042162a9de7cea4b2f655b5876cd0557ff451eedf0778e6/pydantic_core-2.14.1-cp312-none-win_amd64.whl", hash = "sha256:744b807fe2733b6da3b53e8ad93e8b3ea3ee3dfc3abece4dd2824cc1f39aa343", size = 1864110, upload-time = "2023-11-09T13:21:54.632Z" },
    { url = "https://files.pythonhosted.org/packages/7e/9a/3d9f3a750a67cc3d1115c0581280025cadc1cbd55d5c60d1ba80c8de7535/pydantic_core-2.14.1-cp312-none-win_arm64.whl", hash = "sha256:24ba48f9d0b8d64fc5e42e1600366c3d7db701201294989aebdaca23110c02ab", size = 1847510, upload-time = "2023-11-09T13:21:57.252Z" },
]

[[package]]
name = "pydantic-settings"
version = "2.1.0"
source = { registry = "https://pypi.org/simple" }
dependencies = [
    { name = "pydantic" },
    { name = "python-dotenv" },
]
sdist = { url = "https://files.pythonhosted.org/packages/a5/10/664e41fd884d8cd3fa8bcd75a537bd82f540b19d7c0d1ff17eef69a2ffa8/pydantic_settings-2.1.0.tar.gz", hash = "sha256:26b1492e0a24755626ac5e6d715e9077ab7ad4fb5f19a8b7ed7011d52f36141c", size = 31824, upload-time = "2023-11-14T13:06:31.22Z" }
wheels = [
    { url = "https://files.pythonhosted.org/packages/5d/c9/8042368e9a1e6e229b5ec5d88449441a3ee8f8afe09988faeb190af30248/pydantic_settings-2.1.0-py3-none-any.whl", hash = "sha256:7621c0cb5d90d1140d2f0ef557bdf03573aac7035948109adf2574770b77605a", size = 11685, upload-time = "2023-11-14T13:06:30.129Z" },
]

[[package]]
name = "pyjwt"
version = "2.8.0"
source = { registry = "https://pypi.org/simple" }
sdist = { url = "https://files.pythonhosted.org/packages/30/72/8259b2bccfe4673330cea843ab23f86858a419d8f1493f66d413a76c7e3b/PyJWT-2.8.0.tar.gz", hash = "sha256:57e28d156e3d5c10088e0c68abb90bfac3df82b40a71bd0daa20c65ccd5c23de", size = 78313, upload-time = "2023-07-18T20:02:22.594Z" }
wheels = [
    { url = "https://files.pythonhosted.org/packages/2b/4f/e04a8067c7c96c364cef7ef73906504e2f40d690811c021e1a1901473a19/PyJWT-2.8.0-py3-none-any.whl", hash = "sha256:59127c392cc44c2da5bb3192169a91f429924e17aff6534d70fdc02ab3e04320", size = 22591, upload-time = "2023-07-18T20:02:21.561Z" },
]

[[package]]
name = "python-dotenv"
version = "1.0.0"
source = { registry = "https://pypi.org/simple" }
sdist = { url = "https://files.pythonhosted.org/packages/31/06/1ef763af20d0572c032fa22882cfbfb005fba6e7300715a37840858c919e/python-dotenv-1.0.0.tar.gz", hash = "sha256:a8df96034aae6d2d50a4ebe8216326c61c3eb64836776504fcca410e5937a3ba", size = 37399, upload-time = "2023-02-24T06:46:37.282Z" }
wheels = [
    { url = "https://files.pythonhosted.org/packages/44/2f/62ea1c8b593f4e093cc1a7768f0d46112107e790c3e478532329e434f00b/python_dotenv-1.0.0-py3-none-any.whl", hash = "sha256:f5971a9226b701070a4bf2c38c89e5a3f0d64de8debda981d1db98583009122a", size = 19482, upload-time = "2023-02-24T06:46:36.009Z" },
]

[[package]]
name = "python-multipart"
version = "0.0.6"
source = { registry = "https://pypi.org/simple" }
sdist = { url = "https://files.pythonhosted.org/packages/2d/23/abcfad10c3348cb6358400f8adbc21b523bbc6c954494fd0974428068672/python_multipart-0.0.6.tar.gz", hash = "sha256:e9925a80bb668529f1b67c7fdb0a5dacdd7cbfc6fb0bff3ea443fe22bdd62132", size = 31024, upload-time = "2023-02-27T16:40:10.091Z" }
wheels = [
    { url = "https://files.pythonhosted.org/packages/b4/ff/b1e11d8bffb5e0e1b6d27f402eeedbeb9be6df2cdbc09356a1ae49806dbf/python_multipart-0.0.6-py3-none-any.whl", hash = "sha256:ee698bab5ef148b0a760751c261902cd096e57e10558e11aca17646b74ee1c18", size = 45711, upload-time = "2023-02-27T16:40:14.113Z" },
]

[[package]]
name = "sniffio"
version = "1.3.1"
source = { registry = "https://pypi.org/simple" }
sdist = { url = "https://files.pythonhosted.org/packages/a2/87/a6771e1546d97e7e041b6ae58d80074f81b7d5121207425c964ddf5cfdbd/sniffio-1.3.1.tar.gz", hash = "sha256:f4324edc670a0f49750a81b895f35c3adb843cca46f0530f79fc1babb23789dc", size = 20372, upload-time = "2024-02-25T23:20:04.057Z" }
wheels = [
    { url = "https://files.pythonhosted.org/packages/e9/44/75a9c9421471a6c4805dbf2356f7c181a29c1879239abab1ea2cc8f38b40/sniffio-1.3.1-py3-none-any.whl", hash = "sha256:2f6da418d1f1e0fddd844478f41680e794e6051915791a034ff65e5f100525a2", size = 10235, upload-time = "2024-02-25T23:20:01.196Z" },
]

[[package]]
name = "sqlalchemy"
version = "2.0.23"
source = { registry = "https://pypi.org/simple" }
dependencies = [
    { name = "greenlet", marker = "platform_machine == 'AMD64' or platform_machine == 'WIN32' or platform_machine == 'aarch64' or platform_machine == 'amd64' or platform_machine == 'ppc64le' or platform_machine == 'win32' or platform_machine == 'x86_64'" },
    { name = "typing-extensions" },
]
sdist = { url = "https://files.pythonhosted.org/packages/ee/46/a3196db7ffd2609c7935798730e21bed8806d9bf4401921587dac4be0747/SQLAlchemy-2.0.23.tar.gz", hash = "sha256:c1bda93cbbe4aa2aa0aa8655c5aeda505cd219ff3e8da91d1d329e143e4aff69", size = 9474103, upload-time = "2023-11-02T14:52:02.134Z" }
wheels = [
    { url = "https://files.pythonhosted.org/packages/be/67/7c054e93e1cca2d04ed69548ebf21134ace9c74efd008f936aa371a001be/SQLAlchemy-2.0.23-cp311-cp311-macosx_10_9_x86_64.whl", hash = "sha256:d5578e6863eeb998980c212a39106ea139bdc0b3f73291b96e27c929c90cd8e1", size = 2064616, upload-time = "2023-11-02T15:16:18.124Z" },
    { url = "https://files.pythonhosted.org/packages/c7/55/d1d2ad054fb7e9188681d56df40ed81c2c198314a805b180b0ec99019da1/SQLAlchemy-2.0.23-cp311-cp311-macosx_11_0_arm64.whl", hash = "sha256:62d9e964870ea5ade4bc870ac4004c456efe75fb50404c03c5fd61f8bc669a72", size = 2055920, upload-time = "2023-11-02T15:16:23.831Z" },
    { url = "https://files.pythonhosted.org/packages/17/60/8cfa64fe57a8e9a5cca61027519e7fb44b0e9124a9cb0509708f30d38cc1/SQLAlchemy-2.0.23-cp311-cp311-manylinux_2_17_aarch64.manylinux2014_aarch64.whl", hash = "sha256:c80c38bd2ea35b97cbf7c21aeb129dcbebbf344ee01a7141016ab7b851464f8e", size = 3172630, upload-time = "2023-11-02T16:52:10.793Z" },
    { url = "https://files.pythonhosted.org/packages/90/00/f588b08bb2ce214df96e7a045ddf9ffafab6bfac75e6c75f0a50fb9f8d2a/SQLAlchemy-2.0.23-cp311-cp311-manylinux_2_17_x86_64.manylinux2014_x86_64.whl", hash = "sha256:75eefe09e98043cff2fb8af9796e20747ae870c903dc61d41b0c2e55128f958d", size = 3172623, upload-time = "2023-11-02T15:30:49.309Z" },
    { url = "https://files.pythonhosted.org/packages/5c/b2/4914a76c35952d899dc5f4385c55fab15b718e9aff68c8104a8d193c23bd/SQLAlchemy-2.0.23-cp311-cp311-musllinux_1_1_aarch64.whl", hash = "sha256:bd45a5b6c68357578263d74daab6ff9439517f87da63442d244f9f23df56138d", size = 3178817, upload-time = "2023-11-02T16:52:15.443Z" },
    { url = "https://files.pythonhosted.org/packages/90/63/981fb1f20f1705e0bd31153a68d0fdf59a3ae6e41baa8b410a9f0d5aa901/SQLAlchemy-2.0.23-cp311-cp311-musllinux_1_1_x86_64.whl", hash = "sha256:a86cb7063e2c9fb8e774f77fbf8475516d270a3e989da55fa05d08089d77f8c4", size = 3172928, upload-time = "2023-11-02T15:30:54.367Z" },
    { url = "https://files.pythonhosted.org/packages/d0/35/baf485da71f15b37d8d8e926d471490ed7b9c0ce1bd82da58f7d46509107/SQLAlchemy-2.0.23-cp311-cp311-win32.whl", hash = "sha256:b41f5d65b54cdf4934ecede2f41b9c60c9f785620416e8e6c48349ab18643855", size = 2033264, upload-time = "2023-11-02T15:20:36.614Z" },
    { url = "https://files.pythonhosted.org/packages/67/e7/7c77fd5290646f929b499992607cf1bc940573098a593080fcc8f7e13a08/SQLAlchemy-2.0.23-cp311-cp311-win_amd64.whl", hash = "sha256:9ca922f305d67605668e93991aaf2c12239c78207bca3b891cd51a4515c72e22", size = 2059355, upload-time = "2023-11-02T15:20:38.957Z" },
    { url = "https://files.pythonhosted.org/packages/2f/4e/cbbb63dc6eb55138311a949ab4221e69a0aff8d95bf294fd948727392a14/SQLAlchemy-2.0.23-cp312-cp312-macosx_10_9_x86_64.whl", hash = "sha256:d0f7fb0c7527c41fa6fcae2be537ac137f636a41b4c5a4c58914541e2f436b45", size = 2062508, upload-time = "2023-11-02T15:16:26.635Z" },
    { url = "https://files.pythonhosted.org/packages/5c/e4/f2b196d8779c09c32337ff1e17d6edd57547fe674413b3a82e42a370a65c/SQLAlchemy-2.0.23-cp312-cp312-macosx_11_0_arm64.whl", hash = "sha256:7c424983ab447dab126c39d3ce3be5bee95700783204a72549c3dceffe0fc8f4", size = 2055202, upload-time = "2023-11-02T15:16:29.395Z" },
    { url = "https://files.pythonhosted.org/packages/12/61/ee1619cea002a94e954c353c2e93a4da85cb1106a24a7c66d5794301e84e/SQLAlchemy-2.0.23-cp312-cp312-manylinux_2_17_aarch64.manylinux2014_aarch64.whl", hash = "sha256:f508ba8f89e0a5ecdfd3761f82dda2a3d7b678a626967608f4273e0dba8f07ac", size = 3207052, upload-time = "2023-11-02T16:52:18.86Z" },
    { url = "https://files.pythonhosted.org/packages/9c/af/c61d98f6c21f35b13f22259e38b47669afe960a348e2c01ce262f183dcbe/SQLAlchemy-2.0.23-cp312-cp312-manylinux_2_17_x86_64.manylinux2014_x86_64.whl", hash = "sha256:6463aa765cf02b9247e38b35853923edbf2f6fd1963df88706bc1d02410a5577", size = 3218600, upload-time = "2023-11-02T15:30:56.632Z" },
    { url = "https://files.pythonhosted.org/packages/36/70/202467dc568aa211d234acedab908ca4e09dfbb6b8eedc91217c2e9208ac/SQLAlchemy-2.0.23-cp312-cp312-musllinux_1_1_aarch64.whl", hash = "sha256:e599a51acf3cc4d31d1a0cf248d8f8d863b6386d2b6782c5074427ebb7803bda", size = 3211710, upload-time = "2023-11-02T16:52:22.593Z" },
    { url = "https://files.pythonhosted.org/packages/b7/a8/4495f521f8ac6bde513436867755788c9efe632cb2a2e9d5add880e889bb/SQLAlchemy-2.0.23-cp312-cp312-musllinux_1_1_x86_64.whl", hash = "sha256:fd54601ef9cc455a0c61e5245f690c8a3ad67ddb03d3b91c361d076def0b4c60", size = 3218047, upload-time = "2023-11-02T15:31:01.195Z" },
    { url = "https://files.pythonhosted.org/packages/4d/e0/d9551da0fc8c01c5a8342b7b30a7552329abf7a2a4a60411dd004e4b4501/SQLAlchemy-2.0.23-cp312-cp312-win32.whl", hash = "sha256:42d0b0290a8fb0165ea2c2781ae66e95cca6e27a2fbe1016ff8db3112ac1e846", size = 2031812, upload-time = "2023-11-02T15:20:41.889Z" },
    { url = "https://files.pythonhosted.org/packages/d3/8a/321205f6ab88307618650f916f7c04f51864cd716c9583a25230ace70dc3/SQLAlchemy-2.0.23-cp312-cp312-win_amd64.whl", hash = "sha256:227135ef1e48165f37590b8bfc44ed7ff4c074bf04dc8d6f8e7f1c14a94aa6ca", size = 2057952, upload-time = "2023-11-02T15:20:44.653Z" },
    { url = "https://files.pythonhosted.org/packages/a9/a3/9afc2bf14c5892640c15d050bd9c9bfefead29cb041560734dff13bf0890/SQLAlchemy-2.0.23-py3-none-any.whl", hash = "sha256:31952bbc527d633b9479f5f81e8b9dfada00b91d6baba021a869095f1a97006d", size = 1854703, upload-time = "2023-11-02T15:32:06.218Z" },
]

[[package]]
name = "starlette"
version = "0.27.0"
source = { registry = "https://pypi.org/simple" }
dependencies = [
    { name = "anyio" },
]
sdist = { url = "https://files.pythonhosted.org/packages/06/68/559bed5484e746f1ab2ebbe22312f2c25ec62e4b534916d41a8c21147bf8/starlette-0.27.0.tar.gz", hash = "sha256:6a6b0d042acb8d469a01eba54e9cda6cbd24ac602c4cd016723117d6a7e73b75", size = 51394, upload-time = "2023-05-16T10:59:56.286Z" }
wheels = [
    { url = "https://files.pythonhosted.org/packages/58/f8/e2cca22387965584a409795913b774235752be4176d276714e15e1a58884/starlette-0.27.0-py3-none-any.whl", hash = "sha256:918416370e846586541235ccd38a474c08b80443ed31c578a418e2209b3eef91", size = 66978, upload-time = "2023-05-16T10:59:53.927Z" },
]

[[package]]
name = "tqdm"
version = "4.67.2"
source = { registry = "https://pypi.org/simple" }
dependencies = [
    { name = "colorama", marker = "sys_platform == 'win32'" },
]
sdist = { url = "https://files.pythonhosted.org/packages/27/89/4b0001b2dab8df0a5ee2787dcbe771de75ded01f18f1f8d53dedeea2882b/tqdm-4.67.2.tar.gz", hash = "sha256:649aac53964b2cb8dec76a14b405a4c0d13612cb8933aae547dd144eacc99653", size = 169514, upload-time = "2026-01-30T23:12:06.555Z" }
wheels = [
    { url = "https://files.pythonhosted.org/packages/f5/e2/31eac96de2915cf20ccaed0225035db149dfb9165a9ed28d4b252ef3f7f7/tqdm-4.67.2-py3-none-any.whl", hash = "sha256:9a12abcbbff58b6036b2167d9d3853042b9d436fe7330f06ae047867f2f8e0a7", size = 78354, upload-time = "2026-01-30T23:12:04.368Z" },
]

[[package]]
name = "typing-extensions"
version = "4.15.0"
source = { registry = "https://pypi.org/simple" }
sdist = { url = "https://files.pythonhosted.org/packages/72/94/1a15dd82efb362ac84269196e94cf00f187f7ed21c242792a923cdb1c61f/typing_extensions-4.15.0.tar.gz", hash = "sha256:0cea48d173cc12fa28ecabc3b837ea3cf6f38c6d1136f85cbaaf598984861466", size = 109391, upload-time = "2025-08-25T13:49:26.313Z" }
wheels = [
    { url = "https://files.pythonhosted.org/packages/18/67/36e9267722cc04a6b9f15c7f3441c2363321a3ea07da7ae0c0707beb2a9c/typing_extensions-4.15.0-py3-none-any.whl", hash = "sha256:f0fa19c6845758ab08074a0cfa8b7aecb71c999ca73d62883bc25cc018c4e548", size = 44614, upload-time = "2025-08-25T13:49:24.86Z" },
]

[[package]]
name = "uvicorn"
version = "0.24.0"
source = { registry = "https://pypi.org/simple" }
dependencies = [
    { name = "click" },
    { name = "h11" },
]
sdist = { url = "https://files.pythonhosted.org/packages/af/c9/dc0b3b6f944271d5f71564c2db08a1879a384cda7100f6f2f71b4ec9b751/uvicorn-0.24.0.tar.gz", hash = "sha256:368d5d81520a51be96431845169c225d771c9dd22a58613e1a181e6c4512ac33", size = 40092, upload-time = "2023-11-04T19:31:11.834Z" }
wheels = [
    { url = "https://files.pythonhosted.org/packages/ed/0c/a9b90a856bbdd75bf71a1dd191af1e9c9ac8a272ed337f7200950c3d3dd4/uvicorn-0.24.0-py3-none-any.whl", hash = "sha256:3d19f13dfd2c2af1bfe34dd0f7155118ce689425fdf931177abe832ca44b8a04", size = 59609, upload-time = "2023-11-04T19:31:09.321Z" },
]
